# THIS IS AN AUTOGENERATED FILE. DO NOT EDIT THIS FILE DIRECTLY.
# yarn lockfile v1
bulma:
  version "0.2.3"
  resolved "https://registry.yarnpkg.com/bulma/-/bulma-0.2.3.tgz#086394c65e74aa8081e658bdcf6742f81107936e"

rollup:
  version "0.36.3"
  resolved "https://registry.yarnpkg.com/rollup/-/rollup-0.36.3.tgz#c89ac479828924ff8f69c1d44541cb4ea2fc11fc"
  dependencies:
    source-map-support "^0.4.0"

source-map-support@^0.4.0:
  version "0.4.6"
  resolved "https://registry.yarnpkg.com/source-map-support/-/source-map-support-0.4.6.tgz#32552aa64b458392a85eab3b0b5ee61527167aeb"
  dependencies:
    source-map "^0.5.3"

source-map@^0.5.3:
  version "0.5.6"
  resolved "https://registry.yarnpkg.com/source-map/-/source-map-0.5.6.tgz#75ce38f52bf0733c5a7f0c118d81334a2bb5f412"

vue:
  version "2.0.3"
  resolved "https://registry.yarnpkg.com/vue/-/vue-2.0.3.tgz#3f7698f83d6ad1f0e35955447901672876c63fde"

